
Microsoft Visual Studio Solution File, Format Version 12.00
# Visual Studio Version 16
VisualStudioVersion = 16.0.30621.155
MinimumVisualStudioVersion = 10.0.40219.1
Project("{FAE04EC0-301F-11D3-BF4B-00C04F79EFBC}") = "WindowsFormsApp9", "WindowsFormsApp9\WindowsFormsApp9.csproj", "{EEEF71D2-73F6-46EA-9813-E755F4909A25}"
EndProject
Global
	GlobalSection(SolutionConfigurationPlatforms) = preSolution
		Debug|Any CPU = Debug|Any CPU
		Release|Any CPU = Release|Any CPU
	EndGlobalSection
	GlobalSection(ProjectConfigurationPlatforms) = postSolution
		{EEEF71D2-73F6-46EA-9813-E755F4909A25}.Debug|Any CPU.ActiveCfg = Debug|Any CPU
		{EEEF71D2-73F6-46EA-9813-E755F4909A25}.Debug|Any CPU.Build.0 = Debug|Any CPU
		{EEEF71D2-73F6-46EA-9813-E755F4909A25}.Release|Any CPU.ActiveCfg = Release|Any CPU
		{EEEF71D2-73F6-46EA-9813-E755F4909A25}.Release|Any CPU.Build.0 = Release|Any CPU
	EndGlobalSection
	GlobalSection(SolutionProperties) = preSolution
		HideSolutionNode = FALSE
	EndGlobalSection
	GlobalSection(ExtensibilityGlobals) = postSolution
		SolutionGuid = {4FF790B2-5F4A-4A7D-9ACB-E2BFDF240DDB}
	EndGlobalSection
EndGlobal
